<?xml version="1.0" encoding="utf-8"?>
<Project ToolsVersion="4.0" xmlns="http://schemas.microsoft.com/developer/msbuild/2003">
  <ItemGroup>
    <Filter Include="Horizon">
      <UniqueIdentifier>{6EE457B5-DAC3-D650-E3DB-61274F3A3DB2}</UniqueIdentifier>
    </Filter>
  </ItemGroup>
  <ItemGroup>
    <ClInclude Include="src\Horizon.h" />
    <ClInclude Include="src\Horizon\Application.h">
      <Filter>Horizon</Filter>
    </ClInclude>
    <ClInclude Include="src\Horizon\Core.h">
      <Filter>Horizon</Filter>
    </ClInclude>
    <ClInclude Include="src\Horizon\EntryPoint.h">
      <Filter>Horizon</Filter>
    </ClInclude>
    <ClInclude Include="src\Horizon\Log.h">
      <Filter>Horizon</Filter>
    </ClInclude>
  </ItemGroup>
  <ItemGroup>
    <ClCompile Include="src\Horizon\Application.cpp">
      <Filter>Horizon</Filter>
    </ClCompile>
    <ClCompile Include="src\Horizon\Log.cpp">
      <Filter>Horizon</Filter>
    </ClCompile>
  </ItemGroup>
</Project>