<?xml version="1.0" encoding="utf-8"?>
<Project ToolsVersion="4.0" xmlns="http://schemas.microsoft.com/developer/msbuild/2003">
  <ItemGroup>
    <Filter Include="Horizon">
      <UniqueIdentifier>{6EE457B5-DAC3-D650-E3DB-61274F3A3DB2}</UniqueIdentifier>
    </Filter>
    <Filter Include="Horizon\Events">
      <UniqueIdentifier>{9288CE5E-7E56-C264-67EA-328B53579EC9}</UniqueIdentifier>
    </Filter>
    <Filter Include="Horizon\ImGui">
      <UniqueIdentifier>{1874417F-8434-BDB5-4D6F-0633B9EE0192}</UniqueIdentifier>
    </Filter>
    <Filter Include="Platform">
      <UniqueIdentifier>{2AC788B4-1694-E3BF-3FAD-D1672BD9184E}</UniqueIdentifier>
    </Filter>
    <Filter Include="Platform\OpenGL">
      <UniqueIdentifier>{1E7D2C1D-8A08-9AE1-9319-1DD6FF23F6E1}</UniqueIdentifier>
    </Filter>
    <Filter Include="Platform\Windows">
      <UniqueIdentifier>{64FBD71A-50F4-F66C-7926-DCF1657ED678}</UniqueIdentifier>
    </Filter>
  </ItemGroup>
  <ItemGroup>
    <ClInclude Include="src\Horizon.h" />
    <ClInclude Include="src\Horizon\Application.h">
      <Filter>Horizon</Filter>
    </ClInclude>
    <ClInclude Include="src\Horizon\Core.h">
      <Filter>Horizon</Filter>
    </ClInclude>
    <ClInclude Include="src\Horizon\EntryPoint.h">
      <Filter>Horizon</Filter>
    </ClInclude>
    <ClInclude Include="src\Horizon\Events\ApplicationEvent.h">
      <Filter>Horizon\Events</Filter>
    </ClInclude>
    <ClInclude Include="src\Horizon\Events\Event.h">
      <Filter>Horizon\Events</Filter>
    </ClInclude>
    <ClInclude Include="src\Horizon\Events\KeyEvent.h">
      <Filter>Horizon\Events</Filter>
    </ClInclude>
    <ClInclude Include="src\Horizon\Events\MouseEvent.h">
      <Filter>Horizon\Events</Filter>
    </ClInclude>
    <ClInclude Include="src\Horizon\ImGui\ImGuiLayer.h">
      <Filter>Horizon\ImGui</Filter>
    </ClInclude>
    <ClInclude Include="src\Horizon\Layer.h">
      <Filter>Horizon</Filter>
    </ClInclude>
    <ClInclude Include="src\Horizon\LayerStack.h">
      <Filter>Horizon</Filter>
    </ClInclude>
    <ClInclude Include="src\Horizon\Log.h">
      <Filter>Horizon</Filter>
    </ClInclude>
    <ClInclude Include="src\Horizon\Window.h">
      <Filter>Horizon</Filter>
    </ClInclude>
    <ClInclude Include="src\Platform\OpenGL\ImGuiOpenGLRenderer.h">
      <Filter>Platform\OpenGL</Filter>
    </ClInclude>
    <ClInclude Include="src\Platform\OpenGL\imgui_impl_opengl3_loader.h">
      <Filter>Platform\OpenGL</Filter>
    </ClInclude>
    <ClInclude Include="src\Platform\Windows\WindowsWindow.h">
      <Filter>Platform\Windows</Filter>
    </ClInclude>
    <ClInclude Include="src\hzpch.h" />
    <ClInclude Include="src\Horizon\KeyCodes.h" />
    <ClInclude Include="src\Horizon\MouseButtonCodes.h" />
    <ClInclude Include="src\Input.h" />
    <ClInclude Include="src\Platform\Windows\WindowsInput.h" />
    <ClInclude Include="src\Horizon\Input.h" />
  </ItemGroup>
  <ItemGroup>
    <ClCompile Include="src\Horizon\Application.cpp">
      <Filter>Horizon</Filter>
    </ClCompile>
    <ClCompile Include="src\Horizon\ImGui\ImGuiLayer.cpp">
      <Filter>Horizon\ImGui</Filter>
    </ClCompile>
    <ClCompile Include="src\Horizon\Layer.cpp">
      <Filter>Horizon</Filter>
    </ClCompile>
    <ClCompile Include="src\Horizon\LayerStack.cpp">
      <Filter>Horizon</Filter>
    </ClCompile>
    <ClCompile Include="src\Horizon\Log.cpp">
      <Filter>Horizon</Filter>
    </ClCompile>
    <ClCompile Include="src\Platform\OpenGL\ImGuiOpenGLRenderer.cpp">
      <Filter>Platform\OpenGL</Filter>
    </ClCompile>
    <ClCompile Include="src\Platform\Windows\WindowsWindow.cpp">
      <Filter>Platform\Windows</Filter>
    </ClCompile>
    <ClCompile Include="src\hzpch.cpp" />
    <ClCompile Include="src\Platform\Windows\WindowsInput.cpp" />
  </ItemGroup>
</Project>